
Microsoft Visual Studio Solution File, Format Version 12.00
# Visual Studio Version 17
VisualStudioVersion = 17.7.34202.233
MinimumVisualStudioVersion = 10.0.40219.1
Project("{8BC9CEB8-8B4A-11D0-8D11-00A0C91BC942}") = "bitwise", "bitwise.vcxproj", "{B471D05D-CEC2-460A-AC97-FBE76A5A8466}"
EndProject
Global
	GlobalSection(SolutionConfigurationPlatforms) = preSolution
		Debug|x64 = Debug|x64
		Debug|x86 = Debug|x86
		Release|x64 = Release|x64
		Release|x86 = Release|x86
	EndGlobalSection
	GlobalSection(ProjectConfigurationPlatforms) = postSolution
		{B471D05D-CEC2-460A-AC97-FBE76A5A8466}.Debug|x64.ActiveCfg = Debug|x64
		{B471D05D-CEC2-460A-AC97-FBE76A5A8466}.Debug|x64.Build.0 = Debug|x64
		{B471D05D-CEC2-460A-AC97-FBE76A5A8466}.Debug|x86.ActiveCfg = Debug|Win32
		{B471D05D-CEC2-460A-AC97-FBE76A5A8466}.Debug|x86.Build.0 = Debug|Win32
		{B471D05D-CEC2-460A-AC97-FBE76A5A8466}.Release|x64.ActiveCfg = Release|x64
		{B471D05D-CEC2-460A-AC97-FBE76A5A8466}.Release|x64.Build.0 = Release|x64
		{B471D05D-CEC2-460A-AC97-FBE76A5A8466}.Release|x86.ActiveCfg = Release|Win32
		{B471D05D-CEC2-460A-AC97-FBE76A5A8466}.Release|x86.Build.0 = Release|Win32
	EndGlobalSection
	GlobalSection(SolutionProperties) = preSolution
		HideSolutionNode = FALSE
	EndGlobalSection
	GlobalSection(ExtensibilityGlobals) = postSolution
		SolutionGuid = {991E5792-41AB-4AF7-9181-23DBD14AE4C6}
	EndGlobalSection
EndGlobal
